// !$*UTF8*$!
{
	archiveVersion = 1;
	classes = {
	};
	objectVersion = 46;
	objects = {

/* Begin PBXBuildFile section */
		9BDF32354EBA48E381292A78 /* libPods.a in Frameworks */ = {isa = PBXBuildFile; fileRef = 1BCDF56B321B44A08C534317 /* libPods.a */; };
		C4203BB5189C7A8000C8711A /* Foundation.framework in Frameworks */ = {isa = PBXBuildFile; fileRef = C4203BB4189C7A8000C8711A /* Foundation.framework */; };
		C4203BB7189C7A8000C8711A /* CoreGraphics.framework in Frameworks */ = {isa = PBXBuildFile; fileRef = C4203BB6189C7A8000C8711A /* CoreGraphics.framework */; };
		C4203BB9189C7A8000C8711A /* UIKit.framework in Frameworks */ = {isa = PBXBuildFile; fileRef = C4203BB8189C7A8000C8711A /* UIKit.framework */; };
		C4203BBF189C7A8000C8711A /* InfoPlist.strings in Resources */ = {isa = PBXBuildFile; fileRef = C4203BBD189C7A8000C8711A /* InfoPlist.strings */; };
		C4203BC1189C7A8000C8711A /* main.m in Sources */ = {isa = PBXBuildFile; fileRef = C4203BC0189C7A8000C8711A /* main.m */; };
		C4203BC5189C7A8000C8711A /* GPJAppDelegate.m in Sources */ = {isa = PBXBuildFile; fileRef = C4203BC4189C7A8000C8711A /* GPJAppDelegate.m */; };
		C4203BC8189C7A8000C8711A /* Main.storyboard in Resources */ = {isa = PBXBuildFile; fileRef = C4203BC6189C7A8000C8711A /* Main.storyboard */; };
		C4203BCD189C7A8000C8711A /* Images.xcassets in Resources */ = {isa = PBXBuildFile; fileRef = C4203BCC189C7A8000C8711A /* Images.xcassets */; };
		C4203BD4189C7A8000C8711A /* XCTest.framework in Frameworks */ = {isa = PBXBuildFile; fileRef = C4203BD3189C7A8000C8711A /* XCTest.framework */; };
		C4203BD5189C7A8000C8711A /* Foundation.framework in Frameworks */ = {isa = PBXBuildFile; fileRef = C4203BB4189C7A8000C8711A /* Foundation.framework */; };
		C4203BD6189C7A8000C8711A /* UIKit.framework in Frameworks */ = {isa = PBXBuildFile; fileRef = C4203BB8189C7A8000C8711A /* UIKit.framework */; };
		C4203BDE189C7A8000C8711A /* InfoPlist.strings in Resources */ = {isa = PBXBuildFile; fileRef = C4203BDC189C7A8000C8711A /* InfoPlist.strings */; };
		C4203BE0189C7A8000C8711A /* MeluckyRecorderTests.m in Sources */ = {isa = PBXBuildFile; fileRef = C4203BDF189C7A8000C8711A /* MeluckyRecorderTests.m */; };
		C4203BEA189C867500C8711A /* types.json in Resources */ = {isa = PBXBuildFile; fileRef = C4203BE9189C867500C8711A /* types.json */; };
		C4203BEB189C867500C8711A /* types.json in Resources */ = {isa = PBXBuildFile; fileRef = C4203BE9189C867500C8711A /* types.json */; };
		C4203BF2189C885300C8711A /* GPJRootTableViewController.m in Sources */ = {isa = PBXBuildFile; fileRef = C4203BF1189C885300C8711A /* GPJRootTableViewController.m */; };
		C4203BF3189C885300C8711A /* GPJRootTableViewController.m in Sources */ = {isa = PBXBuildFile; fileRef = C4203BF1189C885300C8711A /* GPJRootTableViewController.m */; };
		C4203BF6189C987500C8711A /* GPJLoginViewController.m in Sources */ = {isa = PBXBuildFile; fileRef = C4203BF5189C987500C8711A /* GPJLoginViewController.m */; };
		C4203BF7189C987500C8711A /* GPJLoginViewController.m in Sources */ = {isa = PBXBuildFile; fileRef = C4203BF5189C987500C8711A /* GPJLoginViewController.m */; };
		C4203BFA189CA92500C8711A /* CookieManager.m in Sources */ = {isa = PBXBuildFile; fileRef = C4203BF9189CA92500C8711A /* CookieManager.m */; };
		C4203BFB189CA92500C8711A /* CookieManager.m in Sources */ = {isa = PBXBuildFile; fileRef = C4203BF9189CA92500C8711A /* CookieManager.m */; };
		C4203BFE189CAC8E00C8711A /* Constants.m in Sources */ = {isa = PBXBuildFile; fileRef = C4203BFD189CAC8E00C8711A /* Constants.m */; };
		C4203BFF189CAC8E00C8711A /* Constants.m in Sources */ = {isa = PBXBuildFile; fileRef = C4203BFD189CAC8E00C8711A /* Constants.m */; };
		C45D71BE189CB0A1007D3DD2 /* GPJUser.m in Sources */ = {isa = PBXBuildFile; fileRef = C45D71BD189CB0A1007D3DD2 /* GPJUser.m */; };
		C460A2F018B635BE00E5DFC6 /* GPJRecordManager.m in Sources */ = {isa = PBXBuildFile; fileRef = C460A2EF18B635BE00E5DFC6 /* GPJRecordManager.m */; };
		C460A2F518B6394D00E5DFC6 /* GPJRecord.m in Sources */ = {isa = PBXBuildFile; fileRef = C460A2F418B6394D00E5DFC6 /* GPJRecord.m */; };
		C460A2F618B6394D00E5DFC6 /* GPJRecord.m in Sources */ = {isa = PBXBuildFile; fileRef = C460A2F418B6394D00E5DFC6 /* GPJRecord.m */; };
		C4E54786189CED190092C122 /* GPJEditRecordViewController.m in Sources */ = {isa = PBXBuildFile; fileRef = C4E54785189CED190092C122 /* GPJEditRecordViewController.m */; };
		C4E5478E189CF1820092C122 /* UIImage+Alpha.m in Sources */ = {isa = PBXBuildFile; fileRef = C4E54789189CF1820092C122 /* UIImage+Alpha.m */; };
		C4E5478F189CF1820092C122 /* UIImage+Resize.m in Sources */ = {isa = PBXBuildFile; fileRef = C4E5478B189CF1820092C122 /* UIImage+Resize.m */; };
		C4E54790189CF1820092C122 /* UIImage+RoundedCorner.m in Sources */ = {isa = PBXBuildFile; fileRef = C4E5478D189CF1820092C122 /* UIImage+RoundedCorner.m */; };
/* End PBXBuildFile section */

/* Begin PBXContainerItemProxy section */
		C4203BD7189C7A8000C8711A /* PBXContainerItemProxy */ = {
			isa = PBXContainerItemProxy;
			containerPortal = C4203BA9189C7A8000C8711A /* Project object */;
			proxyType = 1;
			remoteGlobalIDString = C4203BB0189C7A8000C8711A;
			remoteInfo = MeluckyRecorder;
		};
/* End PBXContainerItemProxy section */

/* Begin PBXFileReference section */
		1BCDF56B321B44A08C534317 /* libPods.a */ = {isa = PBXFileReference; explicitFileType = archive.ar; includeInIndex = 0; path = libPods.a; sourceTree = BUILT_PRODUCTS_DIR; };
		4C4B803F5B2D4A69B1304622 /* Pods.xcconfig */ = {isa = PBXFileReference; includeInIndex = 1; lastKnownFileType = text.xcconfig; name = Pods.xcconfig; path = Pods/Pods.xcconfig; sourceTree = "<group>"; };
		C4203BB1189C7A8000C8711A /* MeluckyRecorder.app */ = {isa = PBXFileReference; explicitFileType = wrapper.application; includeInIndex = 0; path = MeluckyRecorder.app; sourceTree = BUILT_PRODUCTS_DIR; };
		C4203BB4189C7A8000C8711A /* Foundation.framework */ = {isa = PBXFileReference; lastKnownFileType = wrapper.framework; name = Foundation.framework; path = System/Library/Frameworks/Foundation.framework; sourceTree = SDKROOT; };
		C4203BB6189C7A8000C8711A /* CoreGraphics.framework */ = {isa = PBXFileReference; lastKnownFileType = wrapper.framework; name = CoreGraphics.framework; path = System/Library/Frameworks/CoreGraphics.framework; sourceTree = SDKROOT; };
		C4203BB8189C7A8000C8711A /* UIKit.framework */ = {isa = PBXFileReference; lastKnownFileType = wrapper.framework; name = UIKit.framework; path = System/Library/Frameworks/UIKit.framework; sourceTree = SDKROOT; };
		C4203BBC189C7A8000C8711A /* MeluckyRecorder-Info.plist */ = {isa = PBXFileReference; lastKnownFileType = text.plist.xml; path = "MeluckyRecorder-Info.plist"; sourceTree = "<group>"; };
		C4203BBE189C7A8000C8711A /* en */ = {isa = PBXFileReference; lastKnownFileType = text.plist.strings; name = en; path = en.lproj/InfoPlist.strings; sourceTree = "<group>"; };
		C4203BC0189C7A8000C8711A /* main.m */ = {isa = PBXFileReference; lastKnownFileType = sourcecode.c.objc; path = main.m; sourceTree = "<group>"; };
		C4203BC2189C7A8000C8711A /* MeluckyRecorder-Prefix.pch */ = {isa = PBXFileReference; lastKnownFileType = sourcecode.c.h; path = "MeluckyRecorder-Prefix.pch"; sourceTree = "<group>"; };
		C4203BC3189C7A8000C8711A /* GPJAppDelegate.h */ = {isa = PBXFileReference; lastKnownFileType = sourcecode.c.h; path = GPJAppDelegate.h; sourceTree = "<group>"; };
		C4203BC4189C7A8000C8711A /* GPJAppDelegate.m */ = {isa = PBXFileReference; lastKnownFileType = sourcecode.c.objc; path = GPJAppDelegate.m; sourceTree = "<group>"; };
		C4203BC7189C7A8000C8711A /* Base */ = {isa = PBXFileReference; lastKnownFileType = file.storyboard; name = Base; path = Base.lproj/Main.storyboard; sourceTree = "<group>"; };
		C4203BCC189C7A8000C8711A /* Images.xcassets */ = {isa = PBXFileReference; lastKnownFileType = folder.assetcatalog; path = Images.xcassets; sourceTree = "<group>"; };
		C4203BD2189C7A8000C8711A /* MeluckyRecorderTests.xctest */ = {isa = PBXFileReference; explicitFileType = wrapper.cfbundle; includeInIndex = 0; path = MeluckyRecorderTests.xctest; sourceTree = BUILT_PRODUCTS_DIR; };
		C4203BD3189C7A8000C8711A /* XCTest.framework */ = {isa = PBXFileReference; lastKnownFileType = wrapper.framework; name = XCTest.framework; path = Library/Frameworks/XCTest.framework; sourceTree = DEVELOPER_DIR; };
		C4203BDB189C7A8000C8711A /* MeluckyRecorderTests-Info.plist */ = {isa = PBXFileReference; lastKnownFileType = text.plist.xml; path = "MeluckyRecorderTests-Info.plist"; sourceTree = "<group>"; };
		C4203BDD189C7A8000C8711A /* en */ = {isa = PBXFileReference; lastKnownFileType = text.plist.strings; name = en; path = en.lproj/InfoPlist.strings; sourceTree = "<group>"; };
		C4203BDF189C7A8000C8711A /* MeluckyRecorderTests.m */ = {isa = PBXFileReference; lastKnownFileType = sourcecode.c.objc; path = MeluckyRecorderTests.m; sourceTree = "<group>"; };
		C4203BE9189C867500C8711A /* types.json */ = {isa = PBXFileReference; fileEncoding = 4; lastKnownFileType = text.json; path = types.json; sourceTree = "<group>"; };
		C4203BF0189C885300C8711A /* GPJRootTableViewController.h */ = {isa = PBXFileReference; fileEncoding = 4; lastKnownFileType = sourcecode.c.h; path = GPJRootTableViewController.h; sourceTree = "<group>"; };
		C4203BF1189C885300C8711A /* GPJRootTableViewController.m */ = {isa = PBXFileReference; fileEncoding = 4; lastKnownFileType = sourcecode.c.objc; path = GPJRootTableViewController.m; sourceTree = "<group>"; };
		C4203BF4189C987500C8711A /* GPJLoginViewController.h */ = {isa = PBXFileReference; fileEncoding = 4; lastKnownFileType = sourcecode.c.h; path = GPJLoginViewController.h; sourceTree = "<group>"; };
		C4203BF5189C987500C8711A /* GPJLoginViewController.m */ = {isa = PBXFileReference; fileEncoding = 4; lastKnownFileType = sourcecode.c.objc; path = GPJLoginViewController.m; sourceTree = "<group>"; };
		C4203BF8189CA92500C8711A /* CookieManager.h */ = {isa = PBXFileReference; fileEncoding = 4; lastKnownFileType = sourcecode.c.h; path = CookieManager.h; sourceTree = "<group>"; };
		C4203BF9189CA92500C8711A /* CookieManager.m */ = {isa = PBXFileReference; fileEncoding = 4; lastKnownFileType = sourcecode.c.objc; path = CookieManager.m; sourceTree = "<group>"; };
		C4203BFC189CAC8E00C8711A /* Constants.h */ = {isa = PBXFileReference; fileEncoding = 4; lastKnownFileType = sourcecode.c.h; path = Constants.h; sourceTree = "<group>"; };
		C4203BFD189CAC8E00C8711A /* Constants.m */ = {isa = PBXFileReference; fileEncoding = 4; lastKnownFileType = sourcecode.c.objc; path = Constants.m; sourceTree = "<group>"; };
		C45D71BC189CB0A1007D3DD2 /* GPJUser.h */ = {isa = PBXFileReference; fileEncoding = 4; lastKnownFileType = sourcecode.c.h; path = GPJUser.h; sourceTree = "<group>"; };
		C45D71BD189CB0A1007D3DD2 /* GPJUser.m */ = {isa = PBXFileReference; fileEncoding = 4; lastKnownFileType = sourcecode.c.objc; path = GPJUser.m; sourceTree = "<group>"; };
		C460A2EE18B635BE00E5DFC6 /* GPJRecordManager.h */ = {isa = PBXFileReference; fileEncoding = 4; lastKnownFileType = sourcecode.c.h; path = GPJRecordManager.h; sourceTree = "<group>"; };
		C460A2EF18B635BE00E5DFC6 /* GPJRecordManager.m */ = {isa = PBXFileReference; fileEncoding = 4; lastKnownFileType = sourcecode.c.objc; path = GPJRecordManager.m; sourceTree = "<group>"; };
		C460A2F318B6394D00E5DFC6 /* GPJRecord.h */ = {isa = PBXFileReference; fileEncoding = 4; lastKnownFileType = sourcecode.c.h; path = GPJRecord.h; sourceTree = "<group>"; };
		C460A2F418B6394D00E5DFC6 /* GPJRecord.m */ = {isa = PBXFileReference; fileEncoding = 4; lastKnownFileType = sourcecode.c.objc; path = GPJRecord.m; sourceTree = "<group>"; };
		C4E54784189CED190092C122 /* GPJEditRecordViewController.h */ = {isa = PBXFileReference; fileEncoding = 4; lastKnownFileType = sourcecode.c.h; path = GPJEditRecordViewController.h; sourceTree = "<group>"; };
		C4E54785189CED190092C122 /* GPJEditRecordViewController.m */ = {isa = PBXFileReference; fileEncoding = 4; lastKnownFileType = sourcecode.c.objc; path = GPJEditRecordViewController.m; sourceTree = "<group>"; };
		C4E54788189CF1820092C122 /* UIImage+Alpha.h */ = {isa = PBXFileReference; fileEncoding = 4; lastKnownFileType = sourcecode.c.h; path = "UIImage+Alpha.h"; sourceTree = "<group>"; };
		C4E54789189CF1820092C122 /* UIImage+Alpha.m */ = {isa = PBXFileReference; fileEncoding = 4; lastKnownFileType = sourcecode.c.objc; path = "UIImage+Alpha.m"; sourceTree = "<group>"; };
		C4E5478A189CF1820092C122 /* UIImage+Resize.h */ = {isa = PBXFileReference; fileEncoding = 4; lastKnownFileType = sourcecode.c.h; path = "UIImage+Resize.h"; sourceTree = "<group>"; };
		C4E5478B189CF1820092C122 /* UIImage+Resize.m */ = {isa = PBXFileReference; fileEncoding = 4; lastKnownFileType = sourcecode.c.objc; path = "UIImage+Resize.m"; sourceTree = "<group>"; };
		C4E5478C189CF1820092C122 /* UIImage+RoundedCorner.h */ = {isa = PBXFileReference; fileEncoding = 4; lastKnownFileType = sourcecode.c.h; path = "UIImage+RoundedCorner.h"; sourceTree = "<group>"; };
		C4E5478D189CF1820092C122 /* UIImage+RoundedCorner.m */ = {isa = PBXFileReference; fileEncoding = 4; lastKnownFileType = sourcecode.c.objc; path = "UIImage+RoundedCorner.m"; sourceTree = "<group>"; };
		C4E54791189D08380092C122 /* zh-Hans */ = {isa = PBXFileReference; lastKnownFileType = text.plist.strings; name = "zh-Hans"; path = "zh-Hans.lproj/Main.strings"; sourceTree = "<group>"; };
		C4E54792189D08380092C122 /* zh-Hans */ = {isa = PBXFileReference; lastKnownFileType = text.plist.strings; name = "zh-Hans"; path = "zh-Hans.lproj/InfoPlist.strings"; sourceTree = "<group>"; };
		C4E54793189D08380092C122 /* zh-Hans */ = {isa = PBXFileReference; lastKnownFileType = text.plist.strings; name = "zh-Hans"; path = "zh-Hans.lproj/InfoPlist.strings"; sourceTree = "<group>"; };
/* End PBXFileReference section */

/* Begin PBXFrameworksBuildPhase section */
		C4203BAE189C7A8000C8711A /* Frameworks */ = {
			isa = PBXFrameworksBuildPhase;
			buildActionMask = 2147483647;
			files = (
				C4203BB7189C7A8000C8711A /* CoreGraphics.framework in Frameworks */,
				C4203BB9189C7A8000C8711A /* UIKit.framework in Frameworks */,
				C4203BB5189C7A8000C8711A /* Foundation.framework in Frameworks */,
				9BDF32354EBA48E381292A78 /* libPods.a in Frameworks */,
			);
			runOnlyForDeploymentPostprocessing = 0;
		};
		C4203BCF189C7A8000C8711A /* Frameworks */ = {
			isa = PBXFrameworksBuildPhase;
			buildActionMask = 2147483647;
			files = (
				C4203BD4189C7A8000C8711A /* XCTest.framework in Frameworks */,
				C4203BD6189C7A8000C8711A /* UIKit.framework in Frameworks */,
				C4203BD5189C7A8000C8711A /* Foundation.framework in Frameworks */,
			);
			runOnlyForDeploymentPostprocessing = 0;
		};
/* End PBXFrameworksBuildPhase section */

/* Begin PBXGroup section */
		C401080C18B8E4F70028A639 /* ViewControllers */ = {
			isa = PBXGroup;
			children = (
				C4203BF0189C885300C8711A /* GPJRootTableViewController.h */,
				C4203BF1189C885300C8711A /* GPJRootTableViewController.m */,
				C4203BF4189C987500C8711A /* GPJLoginViewController.h */,
				C4203BF5189C987500C8711A /* GPJLoginViewController.m */,
				C4E54784189CED190092C122 /* GPJEditRecordViewController.h */,
				C4E54785189CED190092C122 /* GPJEditRecordViewController.m */,
			);
			name = ViewControllers;
			sourceTree = "<group>";
		};
		C401080D18B8E5070028A639 /* Model */ = {
			isa = PBXGroup;
			children = (
				C45D71BC189CB0A1007D3DD2 /* GPJUser.h */,
				C45D71BD189CB0A1007D3DD2 /* GPJUser.m */,
				C4203BF8189CA92500C8711A /* CookieManager.h */,
				C4203BF9189CA92500C8711A /* CookieManager.m */,
				C460A2EE18B635BE00E5DFC6 /* GPJRecordManager.h */,
				C460A2EF18B635BE00E5DFC6 /* GPJRecordManager.m */,
				C460A2F318B6394D00E5DFC6 /* GPJRecord.h */,
				C460A2F418B6394D00E5DFC6 /* GPJRecord.m */,
			);
			name = Model;
			sourceTree = "<group>";
		};
		C4203BA8189C7A8000C8711A = {
			isa = PBXGroup;
			children = (
				C4203BBA189C7A8000C8711A /* MeluckyRecorder */,
				C4203BD9189C7A8000C8711A /* MeluckyRecorderTests */,
				C4203BB3189C7A8000C8711A /* Frameworks */,
				C4203BB2189C7A8000C8711A /* Products */,
				4C4B803F5B2D4A69B1304622 /* Pods.xcconfig */,
			);
			sourceTree = "<group>";
		};
		C4203BB2189C7A8000C8711A /* Products */ = {
			isa = PBXGroup;
			children = (
				C4203BB1189C7A8000C8711A /* MeluckyRecorder.app */,
				C4203BD2189C7A8000C8711A /* MeluckyRecorderTests.xctest */,
			);
			name = Products;
			sourceTree = "<group>";
		};
		C4203BB3189C7A8000C8711A /* Frameworks */ = {
			isa = PBXGroup;
			children = (
				C4203BB4189C7A8000C8711A /* Foundation.framework */,
				C4203BB6189C7A8000C8711A /* CoreGraphics.framework */,
				C4203BB8189C7A8000C8711A /* UIKit.framework */,
				C4203BD3189C7A8000C8711A /* XCTest.framework */,
				1BCDF56B321B44A08C534317 /* libPods.a */,
			);
			name = Frameworks;
			sourceTree = "<group>";
		};
		C4203BBA189C7A8000C8711A /* MeluckyRecorder */ = {
			isa = PBXGroup;
			children = (
				C4203BFC189CAC8E00C8711A /* Constants.h */,
				C4203BFD189CAC8E00C8711A /* Constants.m */,
				C4203BC3189C7A8000C8711A /* GPJAppDelegate.h */,
				C4203BC4189C7A8000C8711A /* GPJAppDelegate.m */,
				C401080C18B8E4F70028A639 /* ViewControllers */,
				C401080D18B8E5070028A639 /* Model */,
				C4203BC6189C7A8000C8711A /* Main.storyboard */,
				C4E54787189CF1820092C122 /* UIImage+Resize */,
				C4203BCC189C7A8000C8711A /* Images.xcassets */,
				C4203BE9189C867500C8711A /* types.json */,
				C4203BBB189C7A8000C8711A /* Supporting Files */,
			);
			path = MeluckyRecorder;
			sourceTree = "<group>";
		};
		C4203BBB189C7A8000C8711A /* Supporting Files */ = {
			isa = PBXGroup;
			children = (
				C4203BBC189C7A8000C8711A /* MeluckyRecorder-Info.plist */,
				C4203BBD189C7A8000C8711A /* InfoPlist.strings */,
				C4203BC0189C7A8000C8711A /* main.m */,
				C4203BC2189C7A8000C8711A /* MeluckyRecorder-Prefix.pch */,
			);
			name = "Supporting Files";
			sourceTree = "<group>";
		};
		C4203BD9189C7A8000C8711A /* MeluckyRecorderTests */ = {
			isa = PBXGroup;
			children = (
				C4203BDF189C7A8000C8711A /* MeluckyRecorderTests.m */,
				C4203BDA189C7A8000C8711A /* Supporting Files */,
			);
			path = MeluckyRecorderTests;
			sourceTree = "<group>";
		};
		C4203BDA189C7A8000C8711A /* Supporting Files */ = {
			isa = PBXGroup;
			children = (
				C4203BDB189C7A8000C8711A /* MeluckyRecorderTests-Info.plist */,
				C4203BDC189C7A8000C8711A /* InfoPlist.strings */,
			);
			name = "Supporting Files";
			sourceTree = "<group>";
		};
		C4E54787189CF1820092C122 /* UIImage+Resize */ = {
			isa = PBXGroup;
			children = (
				C4E54788189CF1820092C122 /* UIImage+Alpha.h */,
				C4E54789189CF1820092C122 /* UIImage+Alpha.m */,
				C4E5478A189CF1820092C122 /* UIImage+Resize.h */,
				C4E5478B189CF1820092C122 /* UIImage+Resize.m */,
				C4E5478C189CF1820092C122 /* UIImage+RoundedCorner.h */,
				C4E5478D189CF1820092C122 /* UIImage+RoundedCorner.m */,
			);
			path = "UIImage+Resize";
			sourceTree = "<group>";
		};
/* End PBXGroup section */

/* Begin PBXNativeTarget section */
		C4203BB0189C7A8000C8711A /* MeluckyRecorder */ = {
			isa = PBXNativeTarget;
			buildConfigurationList = C4203BE3189C7A8000C8711A /* Build configuration list for PBXNativeTarget "MeluckyRecorder" */;
			buildPhases = (
				0C8A96CACA8C48E6B4C59C76 /* Check Pods Manifest.lock */,
				C4203BAD189C7A8000C8711A /* Sources */,
				C4203BAE189C7A8000C8711A /* Frameworks */,
				C4203BAF189C7A8000C8711A /* Resources */,
				0F3631CBFAF848E895A8AB10 /* Copy Pods Resources */,
			);
			buildRules = (
			);
			dependencies = (
			);
			name = MeluckyRecorder;
			productName = MeluckyRecorder;
			productReference = C4203BB1189C7A8000C8711A /* MeluckyRecorder.app */;
			productType = "com.apple.product-type.application";
		};
		C4203BD1189C7A8000C8711A /* MeluckyRecorderTests */ = {
			isa = PBXNativeTarget;
			buildConfigurationList = C4203BE6189C7A8000C8711A /* Build configuration list for PBXNativeTarget "MeluckyRecorderTests" */;
			buildPhases = (
				C4203BCE189C7A8000C8711A /* Sources */,
				C4203BCF189C7A8000C8711A /* Frameworks */,
				C4203BD0189C7A8000C8711A /* Resources */,
			);
			buildRules = (
			);
			dependencies = (
				C4203BD8189C7A8000C8711A /* PBXTargetDependency */,
			);
			name = MeluckyRecorderTests;
			productName = MeluckyRecorderTests;
			productReference = C4203BD2189C7A8000C8711A /* MeluckyRecorderTests.xctest */;
			productType = "com.apple.product-type.bundle.unit-test";
		};
/* End PBXNativeTarget section */

/* Begin PBXProject section */
		C4203BA9189C7A8000C8711A /* Project object */ = {
			isa = PBXProject;
			attributes = {
				CLASSPREFIX = GPJ;
				LastUpgradeCheck = 0500;
				ORGANIZATIONNAME = www.GongPengjun.com;
				TargetAttributes = {
					C4203BD1189C7A8000C8711A = {
						TestTargetID = C4203BB0189C7A8000C8711A;
					};
				};
			};
			buildConfigurationList = C4203BAC189C7A8000C8711A /* Build configuration list for PBXProject "MeluckyRecorder" */;
			compatibilityVersion = "Xcode 3.2";
			developmentRegion = English;
			hasScannedForEncodings = 0;
			knownRegions = (
				en,
				Base,
				"zh-Hans",
			);
			mainGroup = C4203BA8189C7A8000C8711A;
			productRefGroup = C4203BB2189C7A8000C8711A /* Products */;
			projectDirPath = "";
			projectRoot = "";
			targets = (
				C4203BB0189C7A8000C8711A /* MeluckyRecorder */,
				C4203BD1189C7A8000C8711A /* MeluckyRecorderTests */,
			);
		};
/* End PBXProject section */

/* Begin PBXResourcesBuildPhase section */
		C4203BAF189C7A8000C8711A /* Resources */ = {
			isa = PBXResourcesBuildPhase;
			buildActionMask = 2147483647;
			files = (
				C4203BCD189C7A8000C8711A /* Images.xcassets in Resources */,
				C4203BBF189C7A8000C8711A /* InfoPlist.strings in Resources */,
				C4203BC8189C7A8000C8711A /* Main.storyboard in Resources */,
				C4203BEA189C867500C8711A /* types.json in Resources */,
			);
			runOnlyForDeploymentPostprocessing = 0;
		};
		C4203BD0189C7A8000C8711A /* Resources */ = {
			isa = PBXResourcesBuildPhase;
			buildActionMask = 2147483647;
			files = (
				C4203BDE189C7A8000C8711A /* InfoPlist.strings in Resources */,
				C4203BEB189C867500C8711A /* types.json in Resources */,
			);
			runOnlyForDeploymentPostprocessing = 0;
		};
/* End PBXResourcesBuildPhase section */

/* Begin PBXShellScriptBuildPhase section */
		0C8A96CACA8C48E6B4C59C76 /* Check Pods Manifest.lock */ = {
			isa = PBXShellScriptBuildPhase;
			buildActionMask = 2147483647;
			files = (
			);
			inputPaths = (
			);
			name = "Check Pods Manifest.lock";
			outputPaths = (
			);
			runOnlyForDeploymentPostprocessing = 0;
			shellPath = /bin/sh;
			shellScript = "diff \"${PODS_ROOT}/../Podfile.lock\" \"${PODS_ROOT}/Manifest.lock\" > /dev/null\nif [[ $? != 0 ]] ; then\n    cat << EOM\nerror: The sandbox is not in sync with the Podfile.lock. Run 'pod install' or update your CocoaPods installation.\nEOM\n    exit 1\nfi\n";
			showEnvVarsInLog = 0;
		};
		0F3631CBFAF848E895A8AB10 /* Copy Pods Resources */ = {
			isa = PBXShellScriptBuildPhase;
			buildActionMask = 2147483647;
			files = (
			);
			inputPaths = (
			);
			name = "Copy Pods Resources";
			outputPaths = (
			);
			runOnlyForDeploymentPostprocessing = 0;
			shellPath = /bin/sh;
			shellScript = "\"${SRCROOT}/Pods/Pods-resources.sh\"\n";
			showEnvVarsInLog = 0;
		};
/* End PBXShellScriptBuildPhase section */

/* Begin PBXSourcesBuildPhase section */
		C4203BAD189C7A8000C8711A /* Sources */ = {
			isa = PBXSourcesBuildPhase;
			buildActionMask = 2147483647;
			files = (
				C460A2F018B635BE00E5DFC6 /* GPJRecordManager.m in Sources */,
				C4203BF6189C987500C8711A /* GPJLoginViewController.m in Sources */,
				C4203BC5189C7A8000C8711A /* GPJAppDelegate.m in Sources */,
				C4E5478E189CF1820092C122 /* UIImage+Alpha.m in Sources */,
				C4203BC1189C7A8000C8711A /* main.m in Sources */,
				C45D71BE189CB0A1007D3DD2 /* GPJUser.m in Sources */,
				C4E54790189CF1820092C122 /* UIImage+RoundedCorner.m in Sources */,
				C4203BF2189C885300C8711A /* GPJRootTableViewController.m in Sources */,
				C460A2F518B6394D00E5DFC6 /* GPJRecord.m in Sources */,
				C4E54786189CED190092C122 /* GPJEditRecordViewController.m in Sources */,
				C4203BFA189CA92500C8711A /* CookieManager.m in Sources */,
				C4203BFE189CAC8E00C8711A /* Constants.m in Sources */,
				C4E5478F189CF1820092C122 /* UIImage+Resize.m in Sources */,
			);
			runOnlyForDeploymentPostprocessing = 0;
		};
		C4203BCE189C7A8000C8711A /* Sources */ = {
			isa = PBXSourcesBuildPhase;
			buildActionMask = 2147483647;
			files = (
				C460A2F618B6394D00E5DFC6 /* GPJRecord.m in Sources */,
				C4203BFF189CAC8E00C8711A /* Constants.m in Sources */,
				C4203BF7189C987500C8711A /* GPJLoginViewController.m in Sources */,
				C4203BE0189C7A8000C8711A /* MeluckyRecorderTests.m in Sources */,
				C4203BF3189C885300C8711A /* GPJRootTableViewController.m in Sources */,
				C4203BFB189CA92500C8711A /* CookieManager.m in Sources */,
			);
			runOnlyForDeploymentPostprocessing = 0;
		};
/* End PBXSourcesBuildPhase section */

/* Begin PBXTargetDependency section */
		C4203BD8189C7A8000C8711A /* PBXTargetDependency */ = {
			isa = PBXTargetDependency;
			target = C4203BB0189C7A8000C8711A /* MeluckyRecorder */;
			targetProxy = C4203BD7189C7A8000C8711A /* PBXContainerItemProxy */;
		};
/* End PBXTargetDependency section */

/* Begin PBXVariantGroup section */
		C4203BBD189C7A8000C8711A /* InfoPlist.strings */ = {
			isa = PBXVariantGroup;
			children = (
				C4203BBE189C7A8000C8711A /* en */,
				C4E54792189D08380092C122 /* zh-Hans */,
			);
			name = InfoPlist.strings;
			sourceTree = "<group>";
		};
		C4203BC6189C7A8000C8711A /* Main.storyboard */ = {
			isa = PBXVariantGroup;
			children = (
				C4203BC7189C7A8000C8711A /* Base */,
				C4E54791189D08380092C122 /* zh-Hans */,
			);
			name = Main.storyboard;
			sourceTree = "<group>";
		};
		C4203BDC189C7A8000C8711A /* InfoPlist.strings */ = {
			isa = PBXVariantGroup;
			children = (
				C4203BDD189C7A8000C8711A /* en */,
				C4E54793189D08380092C122 /* zh-Hans */,
			);
			name = InfoPlist.strings;
			sourceTree = "<group>";
		};
/* End PBXVariantGroup section */

/* Begin XCBuildConfiguration section */
		C4203BE1189C7A8000C8711A /* Debug */ = {
			isa = XCBuildConfiguration;
			buildSettings = {
				ALWAYS_SEARCH_USER_PATHS = NO;
				ARCHS = "$(ARCHS_STANDARD_INCLUDING_64_BIT)";
				CLANG_CXX_LANGUAGE_STANDARD = "gnu++0x";
				CLANG_CXX_LIBRARY = "libc++";
				CLANG_ENABLE_MODULES = YES;
				CLANG_ENABLE_OBJC_ARC = YES;
				CLANG_WARN_BOOL_CONVERSION = YES;
				CLANG_WARN_CONSTANT_CONVERSION = YES;
				CLANG_WARN_DIRECT_OBJC_ISA_USAGE = YES_ERROR;
				CLANG_WARN_EMPTY_BODY = YES;
				CLANG_WARN_ENUM_CONVERSION = YES;
				CLANG_WARN_INT_CONVERSION = YES;
				CLANG_WARN_OBJC_ROOT_CLASS = YES_ERROR;
				CLANG_WARN__DUPLICATE_METHOD_MATCH = YES;
				"CODE_SIGN_IDENTITY[sdk=iphoneos*]" = "iPhone Developer";
				COPY_PHASE_STRIP = NO;
				GCC_C_LANGUAGE_STANDARD = gnu99;
				GCC_DYNAMIC_NO_PIC = NO;
				GCC_OPTIMIZATION_LEVEL = 0;
				GCC_PREPROCESSOR_DEFINITIONS = (
					"DEBUG=1",
					"$(inherited)",
				);
				GCC_SYMBOLS_PRIVATE_EXTERN = NO;
				GCC_WARN_64_TO_32_BIT_CONVERSION = YES;
				GCC_WARN_ABOUT_RETURN_TYPE = YES_ERROR;
				GCC_WARN_UNDECLARED_SELECTOR = YES;
				GCC_WARN_UNINITIALIZED_AUTOS = YES;
				GCC_WARN_UNUSED_FUNCTION = YES;
				GCC_WARN_UNUSED_VARIABLE = YES;
				IPHONEOS_DEPLOYMENT_TARGET = 7.0;
				ONLY_ACTIVE_ARCH = YES;
				SDKROOT = iphoneos;
				TARGETED_DEVICE_FAMILY = 2;
			};
			name = Debug;
		};
		C4203BE2189C7A8000C8711A /* Release */ = {
			isa = XCBuildConfiguration;
			buildSettings = {
				ALWAYS_SEARCH_USER_PATHS = NO;
				ARCHS = "$(ARCHS_STANDARD_INCLUDING_64_BIT)";
				CLANG_CXX_LANGUAGE_STANDARD = "gnu++0x";
				CLANG_CXX_LIBRARY = "libc++";
				CLANG_ENABLE_MODULES = YES;
				CLANG_ENABLE_OBJC_ARC = YES;
				CLANG_WARN_BOOL_CONVERSION = YES;
				CLANG_WARN_CONSTANT_CONVERSION = YES;
				CLANG_WARN_DIRECT_OBJC_ISA_USAGE = YES_ERROR;
				CLANG_WARN_EMPTY_BODY = YES;
				CLANG_WARN_ENUM_CONVERSION = YES;
				CLANG_WARN_INT_CONVERSION = YES;
				CLANG_WARN_OBJC_ROOT_CLASS = YES_ERROR;
				CLANG_WARN__DUPLICATE_METHOD_MATCH = YES;
				"CODE_SIGN_IDENTITY[sdk=iphoneos*]" = "iPhone Developer";
				COPY_PHASE_STRIP = YES;
				ENABLE_NS_ASSERTIONS = NO;
				GCC_C_LANGUAGE_STANDARD = gnu99;
				GCC_WARN_64_TO_32_BIT_CONVERSION = YES;
				GCC_WARN_ABOUT_RETURN_TYPE = YES_ERROR;
				GCC_WARN_UNDECLARED_SELECTOR = YES;
				GCC_WARN_UNINITIALIZED_AUTOS = YES;
				GCC_WARN_UNUSED_FUNCTION = YES;
				GCC_WARN_UNUSED_VARIABLE = YES;
				IPHONEOS_DEPLOYMENT_TARGET = 7.0;
				SDKROOT = iphoneos;
				TARGETED_DEVICE_FAMILY = 2;
				VALIDATE_PRODUCT = YES;
			};
			name = Release;
		};
		C4203BE4189C7A8000C8711A /* Debug */ = {
			isa = XCBuildConfiguration;
			baseConfigurationReference = 4C4B803F5B2D4A69B1304622 /* Pods.xcconfig */;
			buildSettings = {
				ASSETCATALOG_COMPILER_APPICON_NAME = AppIcon;
				ASSETCATALOG_COMPILER_LAUNCHIMAGE_NAME = LaunchImage;
				GCC_PRECOMPILE_PREFIX_HEADER = YES;
				GCC_PREFIX_HEADER = "MeluckyRecorder/MeluckyRecorder-Prefix.pch";
				INFOPLIST_FILE = "MeluckyRecorder/MeluckyRecorder-Info.plist";
				PRODUCT_NAME = "$(TARGET_NAME)";
				WRAPPER_EXTENSION = app;
			};
			name = Debug;
		};
		C4203BE5189C7A8000C8711A /* Release */ = {
			isa = XCBuildConfiguration;
			baseConfigurationReference = 4C4B803F5B2D4A69B1304622 /* Pods.xcconfig */;
			buildSettings = {
				ASSETCATALOG_COMPILER_APPICON_NAME = AppIcon;
				ASSETCATALOG_COMPILER_LAUNCHIMAGE_NAME = LaunchImage;
				GCC_PRECOMPILE_PREFIX_HEADER = YES;
				GCC_PREFIX_HEADER = "MeluckyRecorder/MeluckyRecorder-Prefix.pch";
				INFOPLIST_FILE = "MeluckyRecorder/MeluckyRecorder-Info.plist";
				PRODUCT_NAME = "$(TARGET_NAME)";
				WRAPPER_EXTENSION = app;
			};
			name = Release;
		};
		C4203BE7189C7A8000C8711A /* Debug */ = {
			isa = XCBuildConfiguration;
			buildSettings = {
				ARCHS = "$(ARCHS_STANDARD_INCLUDING_64_BIT)";
				BUNDLE_LOADER = "$(BUILT_PRODUCTS_DIR)/MeluckyRecorder.app/MeluckyRecorder";
				FRAMEWORK_SEARCH_PATHS = (
					"$(SDKROOT)/Developer/Library/Frameworks",
					"$(inherited)",
					"$(DEVELOPER_FRAMEWORKS_DIR)",
				);
				GCC_PRECOMPILE_PREFIX_HEADER = YES;
				GCC_PREFIX_HEADER = "MeluckyRecorder/MeluckyRecorder-Prefix.pch";
				GCC_PREPROCESSOR_DEFINITIONS = (
					"DEBUG=1",
					"$(inherited)",
				);
				INFOPLIST_FILE = "MeluckyRecorderTests/MeluckyRecorderTests-Info.plist";
				PRODUCT_NAME = "$(TARGET_NAME)";
				TEST_HOST = "$(BUNDLE_LOADER)";
				WRAPPER_EXTENSION = xctest;
			};
			name = Debug;
		};
		C4203BE8189C7A8000C8711A /* Release */ = {
			isa = XCBuildConfiguration;
			buildSettings = {
				ARCHS = "$(ARCHS_STANDARD_INCLUDING_64_BIT)";
				BUNDLE_LOADER = "$(BUILT_PRODUCTS_DIR)/MeluckyRecorder.app/MeluckyRecorder";
				FRAMEWORK_SEARCH_PATHS = (
					"$(SDKROOT)/Developer/Library/Frameworks",
					"$(inherited)",
					"$(DEVELOPER_FRAMEWORKS_DIR)",
				);
				GCC_PRECOMPILE_PREFIX_HEADER = YES;
				GCC_PREFIX_HEADER = "MeluckyRecorder/MeluckyRecorder-Prefix.pch";
				INFOPLIST_FILE = "MeluckyRecorderTests/MeluckyRecorderTests-Info.plist";
				PRODUCT_NAME = "$(TARGET_NAME)";
				TEST_HOST = "$(BUNDLE_LOADER)";
				WRAPPER_EXTENSION = xctest;
			};
			name = Release;
		};
/* End XCBuildConfiguration section */

/* Begin XCConfigurationList section */
		C4203BAC189C7A8000C8711A /* Build configuration list for PBXProject "MeluckyRecorder" */ = {
			isa = XCConfigurationList;
			buildConfigurations = (
				C4203BE1189C7A8000C8711A /* Debug */,
				C4203BE2189C7A8000C8711A /* Release */,
			);
			defaultConfigurationIsVisible = 0;
			defaultConfigurationName = Release;
		};
		C4203BE3189C7A8000C8711A /* Build configuration list for PBXNativeTarget "MeluckyRecorder" */ = {
			isa = XCConfigurationList;
			buildConfigurations = (
				C4203BE4189C7A8000C8711A /* Debug */,
				C4203BE5189C7A8000C8711A /* Release */,
			);
			defaultConfigurationIsVisible = 0;
			defaultConfigurationName = Release;
		};
		C4203BE6189C7A8000C8711A /* Build configuration list for PBXNativeTarget "MeluckyRecorderTests" */ = {
			isa = XCConfigurationList;
			buildConfigurations = (
				C4203BE7189C7A8000C8711A /* Debug */,
				C4203BE8189C7A8000C8711A /* Release */,
			);
			defaultConfigurationIsVisible = 0;
			defaultConfigurationName = Release;
		};
/* End XCConfigurationList section */
	};
	rootObject = C4203BA9189C7A8000C8711A /* Project object */;
}
